
Microsoft Visual Studio Solution File, Format Version 12.00
# Visual Studio Version 16
VisualStudioVersion = 16.0.29503.13
MinimumVisualStudioVersion = 10.0.40219.1
Project("{FAE04EC0-301F-11D3-BF4B-00C04F79EFBC}") = "Jeu de Nim", "Jeu de Nim.csproj", "{FDFC49E3-6FC9-40F6-A45F-BBB5EB17F61D}"
EndProject
Global
	GlobalSection(SolutionConfigurationPlatforms) = preSolution
		Debug|Any CPU = Debug|Any CPU
		Release|Any CPU = Release|Any CPU
	EndGlobalSection
	GlobalSection(ProjectConfigurationPlatforms) = postSolution
		{FDFC49E3-6FC9-40F6-A45F-BBB5EB17F61D}.Debug|Any CPU.ActiveCfg = Debug|Any CPU
		{FDFC49E3-6FC9-40F6-A45F-BBB5EB17F61D}.Debug|Any CPU.Build.0 = Debug|Any CPU
		{FDFC49E3-6FC9-40F6-A45F-BBB5EB17F61D}.Release|Any CPU.ActiveCfg = Release|Any CPU
		{FDFC49E3-6FC9-40F6-A45F-BBB5EB17F61D}.Release|Any CPU.Build.0 = Release|Any CPU
	EndGlobalSection
	GlobalSection(SolutionProperties) = preSolution
		HideSolutionNode = FALSE
	EndGlobalSection
	GlobalSection(ExtensibilityGlobals) = postSolution
		SolutionGuid = {F0F1C9C9-6EF8-4424-B82B-9D2508053289}
	EndGlobalSection
EndGlobal
